// !$*UTF8*$!
{
	archiveVersion = 1;
	classes = {
	};
	objectVersion = 46;
	objects = {

/* Begin PBXBuildFile section */
		12AF05F11CD1BB4400160562 /* main.m in Sources */ = {isa = PBXBuildFile; fileRef = 12AF05F01CD1BB4400160562 /* main.m */; };
		12AF05F41CD1BB4400160562 /* AppDelegate.m in Sources */ = {isa = PBXBuildFile; fileRef = 12AF05F31CD1BB4400160562 /* AppDelegate.m */; };
		12AF05F71CD1BB4400160562 /* ViewController.m in Sources */ = {isa = PBXBuildFile; fileRef = 12AF05F61CD1BB4400160562 /* ViewController.m */; };
		12AF05FA1CD1BB4400160562 /* Main.storyboard in Resources */ = {isa = PBXBuildFile; fileRef = 12AF05F81CD1BB4400160562 /* Main.storyboard */; };
		12AF05FC1CD1BB4400160562 /* Assets.xcassets in Resources */ = {isa = PBXBuildFile; fileRef = 12AF05FB1CD1BB4400160562 /* Assets.xcassets */; };
		12AF05FF1CD1BB4400160562 /* LaunchScreen.storyboard in Resources */ = {isa = PBXBuildFile; fileRef = 12AF05FD1CD1BB4400160562 /* LaunchScreen.storyboard */; };
		12AF06081CD1BF7500160562 /* FirstViewController.m in Sources */ = {isa = PBXBuildFile; fileRef = 12AF06071CD1BF7500160562 /* FirstViewController.m */; };
		12AF060B1CD1BFC300160562 /* SecondViewController.m in Sources */ = {isa = PBXBuildFile; fileRef = 12AF060A1CD1BFC300160562 /* SecondViewController.m */; };
		12AF060E1CD1BFD700160562 /* ThirdViewController.m in Sources */ = {isa = PBXBuildFile; fileRef = 12AF060D1CD1BFD700160562 /* ThirdViewController.m */; };
		12AF06111CD1BFED00160562 /* ForthViewController.m in Sources */ = {isa = PBXBuildFile; fileRef = 12AF06101CD1BFED00160562 /* ForthViewController.m */; };
		12AF06141CD1C15C00160562 /* HMSettingFarmeButton.m in Sources */ = {isa = PBXBuildFile; fileRef = 12AF06121CD1C15C00160562 /* HMSettingFarmeButton.m */; };
		12AF06171CD1D97900160562 /* FiveViewController.m in Sources */ = {isa = PBXBuildFile; fileRef = 12AF06161CD1D97900160562 /* FiveViewController.m */; };
		12AF061A1CD1DB2800160562 /* UIView+Frame.m in Sources */ = {isa = PBXBuildFile; fileRef = 12AF06191CD1DB2800160562 /* UIView+Frame.m */; };
/* End PBXBuildFile section */

/* Begin PBXFileReference section */
		12AF05EC1CD1BB4400160562 /* CustomTabBar.app */ = {isa = PBXFileReference; explicitFileType = wrapper.application; includeInIndex = 0; path = CustomTabBar.app; sourceTree = BUILT_PRODUCTS_DIR; };
		12AF05F01CD1BB4400160562 /* main.m */ = {isa = PBXFileReference; lastKnownFileType = sourcecode.c.objc; path = main.m; sourceTree = "<group>"; };
		12AF05F21CD1BB4400160562 /* AppDelegate.h */ = {isa = PBXFileReference; lastKnownFileType = sourcecode.c.h; path = AppDelegate.h; sourceTree = "<group>"; };
		12AF05F31CD1BB4400160562 /* AppDelegate.m */ = {isa = PBXFileReference; lastKnownFileType = sourcecode.c.objc; path = AppDelegate.m; sourceTree = "<group>"; };
		12AF05F51CD1BB4400160562 /* ViewController.h */ = {isa = PBXFileReference; lastKnownFileType = sourcecode.c.h; path = ViewController.h; sourceTree = "<group>"; };
		12AF05F61CD1BB4400160562 /* ViewController.m */ = {isa = PBXFileReference; lastKnownFileType = sourcecode.c.objc; path = ViewController.m; sourceTree = "<group>"; };
		12AF05F91CD1BB4400160562 /* Base */ = {isa = PBXFileReference; lastKnownFileType = file.storyboard; name = Base; path = Base.lproj/Main.storyboard; sourceTree = "<group>"; };
		12AF05FB1CD1BB4400160562 /* Assets.xcassets */ = {isa = PBXFileReference; lastKnownFileType = folder.assetcatalog; path = Assets.xcassets; sourceTree = "<group>"; };
		12AF05FE1CD1BB4400160562 /* Base */ = {isa = PBXFileReference; lastKnownFileType = file.storyboard; name = Base; path = Base.lproj/LaunchScreen.storyboard; sourceTree = "<group>"; };
		12AF06001CD1BB4400160562 /* Info.plist */ = {isa = PBXFileReference; lastKnownFileType = text.plist.xml; path = Info.plist; sourceTree = "<group>"; };
		12AF06061CD1BF7500160562 /* FirstViewController.h */ = {isa = PBXFileReference; fileEncoding = 4; lastKnownFileType = sourcecode.c.h; path = FirstViewController.h; sourceTree = "<group>"; };
		12AF06071CD1BF7500160562 /* FirstViewController.m */ = {isa = PBXFileReference; fileEncoding = 4; lastKnownFileType = sourcecode.c.objc; path = FirstViewController.m; sourceTree = "<group>"; };
		12AF06091CD1BFC300160562 /* SecondViewController.h */ = {isa = PBXFileReference; fileEncoding = 4; lastKnownFileType = sourcecode.c.h; path = SecondViewController.h; sourceTree = "<group>"; };
		12AF060A1CD1BFC300160562 /* SecondViewController.m */ = {isa = PBXFileReference; fileEncoding = 4; lastKnownFileType = sourcecode.c.objc; path = SecondViewController.m; sourceTree = "<group>"; };
		12AF060C1CD1BFD700160562 /* ThirdViewController.h */ = {isa = PBXFileReference; fileEncoding = 4; lastKnownFileType = sourcecode.c.h; path = ThirdViewController.h; sourceTree = "<group>"; };
		12AF060D1CD1BFD700160562 /* ThirdViewController.m */ = {isa = PBXFileReference; fileEncoding = 4; lastKnownFileType = sourcecode.c.objc; path = ThirdViewController.m; sourceTree = "<group>"; };
		12AF060F1CD1BFED00160562 /* ForthViewController.h */ = {isa = PBXFileReference; fileEncoding = 4; lastKnownFileType = sourcecode.c.h; path = ForthViewController.h; sourceTree = "<group>"; };
		12AF06101CD1BFED00160562 /* ForthViewController.m */ = {isa = PBXFileReference; fileEncoding = 4; lastKnownFileType = sourcecode.c.objc; path = ForthViewController.m; sourceTree = "<group>"; };
		12AF06121CD1C15C00160562 /* HMSettingFarmeButton.m */ = {isa = PBXFileReference; fileEncoding = 4; lastKnownFileType = sourcecode.c.objc; path = HMSettingFarmeButton.m; sourceTree = "<group>"; };
		12AF06131CD1C15C00160562 /* HMSettingFarmeButton.h */ = {isa = PBXFileReference; fileEncoding = 4; lastKnownFileType = sourcecode.c.h; path = HMSettingFarmeButton.h; sourceTree = "<group>"; };
		12AF06151CD1D97900160562 /* FiveViewController.h */ = {isa = PBXFileReference; fileEncoding = 4; lastKnownFileType = sourcecode.c.h; path = FiveViewController.h; sourceTree = "<group>"; };
		12AF06161CD1D97900160562 /* FiveViewController.m */ = {isa = PBXFileReference; fileEncoding = 4; lastKnownFileType = sourcecode.c.objc; path = FiveViewController.m; sourceTree = "<group>"; };
		12AF06181CD1DB2800160562 /* UIView+Frame.h */ = {isa = PBXFileReference; fileEncoding = 4; lastKnownFileType = sourcecode.c.h; path = "UIView+Frame.h"; sourceTree = "<group>"; };
		12AF06191CD1DB2800160562 /* UIView+Frame.m */ = {isa = PBXFileReference; fileEncoding = 4; lastKnownFileType = sourcecode.c.objc; path = "UIView+Frame.m"; sourceTree = "<group>"; };
/* End PBXFileReference section */

/* Begin PBXFrameworksBuildPhase section */
		12AF05E91CD1BB4400160562 /* Frameworks */ = {
			isa = PBXFrameworksBuildPhase;
			buildActionMask = 2147483647;
			files = (
			);
			runOnlyForDeploymentPostprocessing = 0;
		};
/* End PBXFrameworksBuildPhase section */

/* Begin PBXGroup section */
		12AF05E31CD1BB4400160562 = {
			isa = PBXGroup;
			children = (
				12AF05EE1CD1BB4400160562 /* CustomTabBar */,
				12AF05ED1CD1BB4400160562 /* Products */,
			);
			sourceTree = "<group>";
		};
		12AF05ED1CD1BB4400160562 /* Products */ = {
			isa = PBXGroup;
			children = (
				12AF05EC1CD1BB4400160562 /* CustomTabBar.app */,
			);
			name = Products;
			sourceTree = "<group>";
		};
		12AF05EE1CD1BB4400160562 /* CustomTabBar */ = {
			isa = PBXGroup;
			children = (
				12AF05F21CD1BB4400160562 /* AppDelegate.h */,
				12AF05F31CD1BB4400160562 /* AppDelegate.m */,
				12AF05F51CD1BB4400160562 /* ViewController.h */,
				12AF05F61CD1BB4400160562 /* ViewController.m */,
				12AF06131CD1C15C00160562 /* HMSettingFarmeButton.h */,
				12AF06121CD1C15C00160562 /* HMSettingFarmeButton.m */,
				12AF06181CD1DB2800160562 /* UIView+Frame.h */,
				12AF06191CD1DB2800160562 /* UIView+Frame.m */,
				12AF06061CD1BF7500160562 /* FirstViewController.h */,
				12AF06071CD1BF7500160562 /* FirstViewController.m */,
				12AF06091CD1BFC300160562 /* SecondViewController.h */,
				12AF060A1CD1BFC300160562 /* SecondViewController.m */,
				12AF060C1CD1BFD700160562 /* ThirdViewController.h */,
				12AF060D1CD1BFD700160562 /* ThirdViewController.m */,
				12AF060F1CD1BFED00160562 /* ForthViewController.h */,
				12AF06101CD1BFED00160562 /* ForthViewController.m */,
				12AF06151CD1D97900160562 /* FiveViewController.h */,
				12AF06161CD1D97900160562 /* FiveViewController.m */,
				12AF05F81CD1BB4400160562 /* Main.storyboard */,
				12AF05FB1CD1BB4400160562 /* Assets.xcassets */,
				12AF05FD1CD1BB4400160562 /* LaunchScreen.storyboard */,
				12AF06001CD1BB4400160562 /* Info.plist */,
				12AF05EF1CD1BB4400160562 /* Supporting Files */,
			);
			path = CustomTabBar;
			sourceTree = "<group>";
		};
		12AF05EF1CD1BB4400160562 /* Supporting Files */ = {
			isa = PBXGroup;
			children = (
				12AF05F01CD1BB4400160562 /* main.m */,
			);
			name = "Supporting Files";
			sourceTree = "<group>";
		};
/* End PBXGroup section */

/* Begin PBXNativeTarget section */
		12AF05EB1CD1BB4400160562 /* CustomTabBar */ = {
			isa = PBXNativeTarget;
			buildConfigurationList = 12AF06031CD1BB4400160562 /* Build configuration list for PBXNativeTarget "CustomTabBar" */;
			buildPhases = (
				12AF05E81CD1BB4400160562 /* Sources */,
				12AF05E91CD1BB4400160562 /* Frameworks */,
				12AF05EA1CD1BB4400160562 /* Resources */,
			);
			buildRules = (
			);
			dependencies = (
			);
			name = CustomTabBar;
			productName = CustomTabBar;
			productReference = 12AF05EC1CD1BB4400160562 /* CustomTabBar.app */;
			productType = "com.apple.product-type.application";
		};
/* End PBXNativeTarget section */

/* Begin PBXProject section */
		12AF05E41CD1BB4400160562 /* Project object */ = {
			isa = PBXProject;
			attributes = {
				LastUpgradeCheck = 0730;
				ORGANIZATIONNAME = haoshiqi;
				TargetAttributes = {
					12AF05EB1CD1BB4400160562 = {
						CreatedOnToolsVersion = 7.3;
					};
				};
			};
			buildConfigurationList = 12AF05E71CD1BB4400160562 /* Build configuration list for PBXProject "CustomTabBar" */;
			compatibilityVersion = "Xcode 3.2";
			developmentRegion = English;
			hasScannedForEncodings = 0;
			knownRegions = (
				en,
				Base,
			);
			mainGroup = 12AF05E31CD1BB4400160562;
			productRefGroup = 12AF05ED1CD1BB4400160562 /* Products */;
			projectDirPath = "";
			projectRoot = "";
			targets = (
				12AF05EB1CD1BB4400160562 /* CustomTabBar */,
			);
		};
/* End PBXProject section */

/* Begin PBXResourcesBuildPhase section */
		12AF05EA1CD1BB4400160562 /* Resources */ = {
			isa = PBXResourcesBuildPhase;
			buildActionMask = 2147483647;
			files = (
				12AF05FF1CD1BB4400160562 /* LaunchScreen.storyboard in Resources */,
				12AF05FC1CD1BB4400160562 /* Assets.xcassets in Resources */,
				12AF05FA1CD1BB4400160562 /* Main.storyboard in Resources */,
			);
			runOnlyForDeploymentPostprocessing = 0;
		};
/* End PBXResourcesBuildPhase section */

/* Begin PBXSourcesBuildPhase section */
		12AF05E81CD1BB4400160562 /* Sources */ = {
			isa = PBXSourcesBuildPhase;
			buildActionMask = 2147483647;
			files = (
				12AF06171CD1D97900160562 /* FiveViewController.m in Sources */,
				12AF060B1CD1BFC300160562 /* SecondViewController.m in Sources */,
				12AF05F71CD1BB4400160562 /* ViewController.m in Sources */,
				12AF060E1CD1BFD700160562 /* ThirdViewController.m in Sources */,
				12AF06141CD1C15C00160562 /* HMSettingFarmeButton.m in Sources */,
				12AF05F41CD1BB4400160562 /* AppDelegate.m in Sources */,
				12AF05F11CD1BB4400160562 /* main.m in Sources */,
				12AF06111CD1BFED00160562 /* ForthViewController.m in Sources */,
				12AF061A1CD1DB2800160562 /* UIView+Frame.m in Sources */,
				12AF06081CD1BF7500160562 /* FirstViewController.m in Sources */,
			);
			runOnlyForDeploymentPostprocessing = 0;
		};
/* End PBXSourcesBuildPhase section */

/* Begin PBXVariantGroup section */
		12AF05F81CD1BB4400160562 /* Main.storyboard */ = {
			isa = PBXVariantGroup;
			children = (
				12AF05F91CD1BB4400160562 /* Base */,
			);
			name = Main.storyboard;
			sourceTree = "<group>";
		};
		12AF05FD1CD1BB4400160562 /* LaunchScreen.storyboard */ = {
			isa = PBXVariantGroup;
			children = (
				12AF05FE1CD1BB4400160562 /* Base */,
			);
			name = LaunchScreen.storyboard;
			sourceTree = "<group>";
		};
/* End PBXVariantGroup section */

/* Begin XCBuildConfiguration section */
		12AF06011CD1BB4400160562 /* Debug */ = {
			isa = XCBuildConfiguration;
			buildSettings = {
				ALWAYS_SEARCH_USER_PATHS = NO;
				CLANG_ANALYZER_NONNULL = YES;
				CLANG_CXX_LANGUAGE_STANDARD = "gnu++0x";
				CLANG_CXX_LIBRARY = "libc++";
				CLANG_ENABLE_MODULES = YES;
				CLANG_ENABLE_OBJC_ARC = YES;
				CLANG_WARN_BOOL_CONVERSION = YES;
				CLANG_WARN_CONSTANT_CONVERSION = YES;
				CLANG_WARN_DIRECT_OBJC_ISA_USAGE = YES_ERROR;
				CLANG_WARN_EMPTY_BODY = YES;
				CLANG_WARN_ENUM_CONVERSION = YES;
				CLANG_WARN_INT_CONVERSION = YES;
				CLANG_WARN_OBJC_ROOT_CLASS = YES_ERROR;
				CLANG_WARN_UNREACHABLE_CODE = YES;
				CLANG_WARN__DUPLICATE_METHOD_MATCH = YES;
				"CODE_SIGN_IDENTITY[sdk=iphoneos*]" = "iPhone Developer";
				COPY_PHASE_STRIP = NO;
				DEBUG_INFORMATION_FORMAT = dwarf;
				ENABLE_STRICT_OBJC_MSGSEND = YES;
				ENABLE_TESTABILITY = YES;
				GCC_C_LANGUAGE_STANDARD = gnu99;
				GCC_DYNAMIC_NO_PIC = NO;
				GCC_NO_COMMON_BLOCKS = YES;
				GCC_OPTIMIZATION_LEVEL = 0;
				GCC_PREPROCESSOR_DEFINITIONS = (
					"DEBUG=1",
					"$(inherited)",
				);
				GCC_WARN_64_TO_32_BIT_CONVERSION = YES;
				GCC_WARN_ABOUT_RETURN_TYPE = YES_ERROR;
				GCC_WARN_UNDECLARED_SELECTOR = YES;
				GCC_WARN_UNINITIALIZED_AUTOS = YES_AGGRESSIVE;
				GCC_WARN_UNUSED_FUNCTION = YES;
				GCC_WARN_UNUSED_VARIABLE = YES;
				IPHONEOS_DEPLOYMENT_TARGET = 9.3;
				MTL_ENABLE_DEBUG_INFO = YES;
				ONLY_ACTIVE_ARCH = YES;
				SDKROOT = iphoneos;
				TARGETED_DEVICE_FAMILY = "1,2";
			};
			name = Debug;
		};
		12AF06021CD1BB4400160562 /* Release */ = {
			isa = XCBuildConfiguration;
			buildSettings = {
				ALWAYS_SEARCH_USER_PATHS = NO;
				CLANG_ANALYZER_NONNULL = YES;
				CLANG_CXX_LANGUAGE_STANDARD = "gnu++0x";
				CLANG_CXX_LIBRARY = "libc++";
				CLANG_ENABLE_MODULES = YES;
				CLANG_ENABLE_OBJC_ARC = YES;
				CLANG_WARN_BOOL_CONVERSION = YES;
				CLANG_WARN_CONSTANT_CONVERSION = YES;
				CLANG_WARN_DIRECT_OBJC_ISA_USAGE = YES_ERROR;
				CLANG_WARN_EMPTY_BODY = YES;
				CLANG_WARN_ENUM_CONVERSION = YES;
				CLANG_WARN_INT_CONVERSION = YES;
				CLANG_WARN_OBJC_ROOT_CLASS = YES_ERROR;
				CLANG_WARN_UNREACHABLE_CODE = YES;
				CLANG_WARN__DUPLICATE_METHOD_MATCH = YES;
				"CODE_SIGN_IDENTITY[sdk=iphoneos*]" = "iPhone Developer";
				COPY_PHASE_STRIP = NO;
				DEBUG_INFORMATION_FORMAT = "dwarf-with-dsym";
				ENABLE_NS_ASSERTIONS = NO;
				ENABLE_STRICT_OBJC_MSGSEND = YES;
				GCC_C_LANGUAGE_STANDARD = gnu99;
				GCC_NO_COMMON_BLOCKS = YES;
				GCC_WARN_64_TO_32_BIT_CONVERSION = YES;
				GCC_WARN_ABOUT_RETURN_TYPE = YES_ERROR;
				GCC_WARN_UNDECLARED_SELECTOR = YES;
				GCC_WARN_UNINITIALIZED_AUTOS = YES_AGGRESSIVE;
				GCC_WARN_UNUSED_FUNCTION = YES;
				GCC_WARN_UNUSED_VARIABLE = YES;
				IPHONEOS_DEPLOYMENT_TARGET = 9.3;
				MTL_ENABLE_DEBUG_INFO = NO;
				SDKROOT = iphoneos;
				TARGETED_DEVICE_FAMILY = "1,2";
				VALIDATE_PRODUCT = YES;
			};
			name = Release;
		};
		12AF06041CD1BB4400160562 /* Debug */ = {
			isa = XCBuildConfiguration;
			buildSettings = {
				ASSETCATALOG_COMPILER_APPICON_NAME = AppIcon;
				INFOPLIST_FILE = CustomTabBar/Info.plist;
				LD_RUNPATH_SEARCH_PATHS = "$(inherited) @executable_path/Frameworks";
				PRODUCT_BUNDLE_IDENTIFIER = duoweidu.CustomTabBar;
				PRODUCT_NAME = "$(TARGET_NAME)";
			};
			name = Debug;
		};
		12AF06051CD1BB4400160562 /* Release */ = {
			isa = XCBuildConfiguration;
			buildSettings = {
				ASSETCATALOG_COMPILER_APPICON_NAME = AppIcon;
				INFOPLIST_FILE = CustomTabBar/Info.plist;
				LD_RUNPATH_SEARCH_PATHS = "$(inherited) @executable_path/Frameworks";
				PRODUCT_BUNDLE_IDENTIFIER = duoweidu.CustomTabBar;
				PRODUCT_NAME = "$(TARGET_NAME)";
			};
			name = Release;
		};
/* End XCBuildConfiguration section */

/* Begin XCConfigurationList section */
		12AF05E71CD1BB4400160562 /* Build configuration list for PBXProject "CustomTabBar" */ = {
			isa = XCConfigurationList;
			buildConfigurations = (
				12AF06011CD1BB4400160562 /* Debug */,
				12AF06021CD1BB4400160562 /* Release */,
			);
			defaultConfigurationIsVisible = 0;
			defaultConfigurationName = Release;
		};
		12AF06031CD1BB4400160562 /* Build configuration list for PBXNativeTarget "CustomTabBar" */ = {
			isa = XCConfigurationList;
			buildConfigurations = (
				12AF06041CD1BB4400160562 /* Debug */,
				12AF06051CD1BB4400160562 /* Release */,
			);
			defaultConfigurationIsVisible = 0;
		};
/* End XCConfigurationList section */
	};
	rootObject = 12AF05E41CD1BB4400160562 /* Project object */;
}
